// !$*UTF8*$!
{
	archiveVersion = 1;
	classes = {
	};
	objectVersion = 46;
	objects = {

/* Begin PBXBuildFile section */
		AE21AD531F32111A003C8ACE /* main.m in Sources */ = {isa = PBXBuildFile; fileRef = AE21AD521F32111A003C8ACE /* main.m */; };
		AE21AD561F32111A003C8ACE /* AppDelegate.m in Sources */ = {isa = PBXBuildFile; fileRef = AE21AD551F32111A003C8ACE /* AppDelegate.m */; };
		AE21AD591F32111A003C8ACE /* ViewController.m in Sources */ = {isa = PBXBuildFile; fileRef = AE21AD581F32111A003C8ACE /* ViewController.m */; };
		AE21AD5C1F32111A003C8ACE /* Main.storyboard in Resources */ = {isa = PBXBuildFile; fileRef = AE21AD5A1F32111A003C8ACE /* Main.storyboard */; };
		AE21AD5E1F32111A003C8ACE /* Assets.xcassets in Resources */ = {isa = PBXBuildFile; fileRef = AE21AD5D1F32111A003C8ACE /* Assets.xcassets */; };
		AE21AD611F32111A003C8ACE /* LaunchScreen.storyboard in Resources */ = {isa = PBXBuildFile; fileRef = AE21AD5F1F32111A003C8ACE /* LaunchScreen.storyboard */; };
		AE21AD6C1F32111A003C8ACE /* BLLSudokuImageLayoutTests.m in Sources */ = {isa = PBXBuildFile; fileRef = AE21AD6B1F32111A003C8ACE /* BLLSudokuImageLayoutTests.m */; };
		AE21AD771F32111A003C8ACE /* BLLSudokuImageLayoutUITests.m in Sources */ = {isa = PBXBuildFile; fileRef = AE21AD761F32111A003C8ACE /* BLLSudokuImageLayoutUITests.m */; };
		AE21AD891F321202003C8ACE /* BLLCollectionViewImageSudokuLayout.m in Sources */ = {isa = PBXBuildFile; fileRef = AE21AD861F321202003C8ACE /* BLLCollectionViewImageSudokuLayout.m */; };
		AE21AD8A1F321202003C8ACE /* BLLSudokuItemLayoutConfigurator.m in Sources */ = {isa = PBXBuildFile; fileRef = AE21AD881F321202003C8ACE /* BLLSudokuItemLayoutConfigurator.m */; };
		AE21AD8D1F32135A003C8ACE /* UIView+BLLSudokuImageLayout.m in Sources */ = {isa = PBXBuildFile; fileRef = AE21AD8C1F32135A003C8ACE /* UIView+BLLSudokuImageLayout.m */; };
		AE21AD901F3219C7003C8ACE /* BLLDemoTableViewCell.m in Sources */ = {isa = PBXBuildFile; fileRef = AE21AD8F1F3219C7003C8ACE /* BLLDemoTableViewCell.m */; };
		AE21AD931F321C19003C8ACE /* BLLImageCollectionViewCell.m in Sources */ = {isa = PBXBuildFile; fileRef = AE21AD921F321C19003C8ACE /* BLLImageCollectionViewCell.m */; };
/* End PBXBuildFile section */

/* Begin PBXContainerItemProxy section */
		AE21AD681F32111A003C8ACE /* PBXContainerItemProxy */ = {
			isa = PBXContainerItemProxy;
			containerPortal = AE21AD461F32111A003C8ACE /* Project object */;
			proxyType = 1;
			remoteGlobalIDString = AE21AD4D1F32111A003C8ACE;
			remoteInfo = BLLSudokuImageLayout;
		};
		AE21AD731F32111A003C8ACE /* PBXContainerItemProxy */ = {
			isa = PBXContainerItemProxy;
			containerPortal = AE21AD461F32111A003C8ACE /* Project object */;
			proxyType = 1;
			remoteGlobalIDString = AE21AD4D1F32111A003C8ACE;
			remoteInfo = BLLSudokuImageLayout;
		};
/* End PBXContainerItemProxy section */

/* Begin PBXFileReference section */
		AE21AD4E1F32111A003C8ACE /* BLLSudokuImageLayout.app */ = {isa = PBXFileReference; explicitFileType = wrapper.application; includeInIndex = 0; path = BLLSudokuImageLayout.app; sourceTree = BUILT_PRODUCTS_DIR; };
		AE21AD521F32111A003C8ACE /* main.m */ = {isa = PBXFileReference; lastKnownFileType = sourcecode.c.objc; path = main.m; sourceTree = "<group>"; };
		AE21AD541F32111A003C8ACE /* AppDelegate.h */ = {isa = PBXFileReference; lastKnownFileType = sourcecode.c.h; path = AppDelegate.h; sourceTree = "<group>"; };
		AE21AD551F32111A003C8ACE /* AppDelegate.m */ = {isa = PBXFileReference; lastKnownFileType = sourcecode.c.objc; path = AppDelegate.m; sourceTree = "<group>"; };
		AE21AD571F32111A003C8ACE /* ViewController.h */ = {isa = PBXFileReference; lastKnownFileType = sourcecode.c.h; path = ViewController.h; sourceTree = "<group>"; };
		AE21AD581F32111A003C8ACE /* ViewController.m */ = {isa = PBXFileReference; lastKnownFileType = sourcecode.c.objc; path = ViewController.m; sourceTree = "<group>"; };
		AE21AD5B1F32111A003C8ACE /* Base */ = {isa = PBXFileReference; lastKnownFileType = file.storyboard; name = Base; path = Base.lproj/Main.storyboard; sourceTree = "<group>"; };
		AE21AD5D1F32111A003C8ACE /* Assets.xcassets */ = {isa = PBXFileReference; lastKnownFileType = folder.assetcatalog; path = Assets.xcassets; sourceTree = "<group>"; };
		AE21AD601F32111A003C8ACE /* Base */ = {isa = PBXFileReference; lastKnownFileType = file.storyboard; name = Base; path = Base.lproj/LaunchScreen.storyboard; sourceTree = "<group>"; };
		AE21AD621F32111A003C8ACE /* Info.plist */ = {isa = PBXFileReference; lastKnownFileType = text.plist.xml; path = Info.plist; sourceTree = "<group>"; };
		AE21AD671F32111A003C8ACE /* BLLSudokuImageLayoutTests.xctest */ = {isa = PBXFileReference; explicitFileType = wrapper.cfbundle; includeInIndex = 0; path = BLLSudokuImageLayoutTests.xctest; sourceTree = BUILT_PRODUCTS_DIR; };
		AE21AD6B1F32111A003C8ACE /* BLLSudokuImageLayoutTests.m */ = {isa = PBXFileReference; lastKnownFileType = sourcecode.c.objc; path = BLLSudokuImageLayoutTests.m; sourceTree = "<group>"; };
		AE21AD6D1F32111A003C8ACE /* Info.plist */ = {isa = PBXFileReference; lastKnownFileType = text.plist.xml; path = Info.plist; sourceTree = "<group>"; };
		AE21AD721F32111A003C8ACE /* BLLSudokuImageLayoutUITests.xctest */ = {isa = PBXFileReference; explicitFileType = wrapper.cfbundle; includeInIndex = 0; path = BLLSudokuImageLayoutUITests.xctest; sourceTree = BUILT_PRODUCTS_DIR; };
		AE21AD761F32111A003C8ACE /* BLLSudokuImageLayoutUITests.m */ = {isa = PBXFileReference; lastKnownFileType = sourcecode.c.objc; path = BLLSudokuImageLayoutUITests.m; sourceTree = "<group>"; };
		AE21AD781F32111A003C8ACE /* Info.plist */ = {isa = PBXFileReference; lastKnownFileType = text.plist.xml; path = Info.plist; sourceTree = "<group>"; };
		AE21AD851F321202003C8ACE /* BLLCollectionViewImageSudokuLayout.h */ = {isa = PBXFileReference; fileEncoding = 4; lastKnownFileType = sourcecode.c.h; name = BLLCollectionViewImageSudokuLayout.h; path = BLLSudokuImageLayout/Layout/BLLCollectionViewImageSudokuLayout.h; sourceTree = "<group>"; };
		AE21AD861F321202003C8ACE /* BLLCollectionViewImageSudokuLayout.m */ = {isa = PBXFileReference; fileEncoding = 4; lastKnownFileType = sourcecode.c.objc; name = BLLCollectionViewImageSudokuLayout.m; path = BLLSudokuImageLayout/Layout/BLLCollectionViewImageSudokuLayout.m; sourceTree = "<group>"; };
		AE21AD871F321202003C8ACE /* BLLSudokuItemLayoutConfigurator.h */ = {isa = PBXFileReference; fileEncoding = 4; lastKnownFileType = sourcecode.c.h; name = BLLSudokuItemLayoutConfigurator.h; path = BLLSudokuImageLayout/Layout/BLLSudokuItemLayoutConfigurator.h; sourceTree = "<group>"; };
		AE21AD881F321202003C8ACE /* BLLSudokuItemLayoutConfigurator.m */ = {isa = PBXFileReference; fileEncoding = 4; lastKnownFileType = sourcecode.c.objc; name = BLLSudokuItemLayoutConfigurator.m; path = BLLSudokuImageLayout/Layout/BLLSudokuItemLayoutConfigurator.m; sourceTree = "<group>"; };
		AE21AD8B1F32135A003C8ACE /* UIView+BLLSudokuImageLayout.h */ = {isa = PBXFileReference; fileEncoding = 4; lastKnownFileType = sourcecode.c.h; name = "UIView+BLLSudokuImageLayout.h"; path = "BLLSudokuImageLayout/Layout/UIView+BLLSudokuImageLayout.h"; sourceTree = "<group>"; };
		AE21AD8C1F32135A003C8ACE /* UIView+BLLSudokuImageLayout.m */ = {isa = PBXFileReference; fileEncoding = 4; lastKnownFileType = sourcecode.c.objc; name = "UIView+BLLSudokuImageLayout.m"; path = "BLLSudokuImageLayout/Layout/UIView+BLLSudokuImageLayout.m"; sourceTree = "<group>"; };
		AE21AD8E1F3219C7003C8ACE /* BLLDemoTableViewCell.h */ = {isa = PBXFileReference; fileEncoding = 4; lastKnownFileType = sourcecode.c.h; path = BLLDemoTableViewCell.h; sourceTree = "<group>"; };
		AE21AD8F1F3219C7003C8ACE /* BLLDemoTableViewCell.m */ = {isa = PBXFileReference; fileEncoding = 4; lastKnownFileType = sourcecode.c.objc; path = BLLDemoTableViewCell.m; sourceTree = "<group>"; };
		AE21AD911F321C19003C8ACE /* BLLImageCollectionViewCell.h */ = {isa = PBXFileReference; fileEncoding = 4; lastKnownFileType = sourcecode.c.h; path = BLLImageCollectionViewCell.h; sourceTree = "<group>"; };
		AE21AD921F321C19003C8ACE /* BLLImageCollectionViewCell.m */ = {isa = PBXFileReference; fileEncoding = 4; lastKnownFileType = sourcecode.c.objc; path = BLLImageCollectionViewCell.m; sourceTree = "<group>"; };
/* End PBXFileReference section */

/* Begin PBXFrameworksBuildPhase section */
		AE21AD4B1F32111A003C8ACE /* Frameworks */ = {
			isa = PBXFrameworksBuildPhase;
			buildActionMask = 2147483647;
			files = (
			);
			runOnlyForDeploymentPostprocessing = 0;
		};
		AE21AD641F32111A003C8ACE /* Frameworks */ = {
			isa = PBXFrameworksBuildPhase;
			buildActionMask = 2147483647;
			files = (
			);
			runOnlyForDeploymentPostprocessing = 0;
		};
		AE21AD6F1F32111A003C8ACE /* Frameworks */ = {
			isa = PBXFrameworksBuildPhase;
			buildActionMask = 2147483647;
			files = (
			);
			runOnlyForDeploymentPostprocessing = 0;
		};
/* End PBXFrameworksBuildPhase section */

/* Begin PBXGroup section */
		AE21AD451F32111A003C8ACE = {
			isa = PBXGroup;
			children = (
				AE21AD501F32111A003C8ACE /* BLLSudokuImageLayout */,
				AE21AD6A1F32111A003C8ACE /* BLLSudokuImageLayoutTests */,
				AE21AD751F32111A003C8ACE /* BLLSudokuImageLayoutUITests */,
				AE21AD4F1F32111A003C8ACE /* Products */,
			);
			sourceTree = "<group>";
		};
		AE21AD4F1F32111A003C8ACE /* Products */ = {
			isa = PBXGroup;
			children = (
				AE21AD4E1F32111A003C8ACE /* BLLSudokuImageLayout.app */,
				AE21AD671F32111A003C8ACE /* BLLSudokuImageLayoutTests.xctest */,
				AE21AD721F32111A003C8ACE /* BLLSudokuImageLayoutUITests.xctest */,
			);
			name = Products;
			sourceTree = "<group>";
		};
		AE21AD501F32111A003C8ACE /* BLLSudokuImageLayout */ = {
			isa = PBXGroup;
			children = (
				AE21AD541F32111A003C8ACE /* AppDelegate.h */,
				AE21AD551F32111A003C8ACE /* AppDelegate.m */,
				AE21AD571F32111A003C8ACE /* ViewController.h */,
				AE21AD581F32111A003C8ACE /* ViewController.m */,
				AE21AD5A1F32111A003C8ACE /* Main.storyboard */,
				AE21AD5F1F32111A003C8ACE /* LaunchScreen.storyboard */,
				AE21AD621F32111A003C8ACE /* Info.plist */,
				AE21AD8E1F3219C7003C8ACE /* BLLDemoTableViewCell.h */,
				AE21AD8F1F3219C7003C8ACE /* BLLDemoTableViewCell.m */,
				AE21AD911F321C19003C8ACE /* BLLImageCollectionViewCell.h */,
				AE21AD921F321C19003C8ACE /* BLLImageCollectionViewCell.m */,
				AE21AD841F32113E003C8ACE /* Layout */,
				AE21AD511F32111A003C8ACE /* Supporting Files */,
			);
			path = BLLSudokuImageLayout;
			sourceTree = "<group>";
		};
		AE21AD511F32111A003C8ACE /* Supporting Files */ = {
			isa = PBXGroup;
			children = (
				AE21AD521F32111A003C8ACE /* main.m */,
				AE21AD5D1F32111A003C8ACE /* Assets.xcassets */,
			);
			name = "Supporting Files";
			sourceTree = "<group>";
		};
		AE21AD6A1F32111A003C8ACE /* BLLSudokuImageLayoutTests */ = {
			isa = PBXGroup;
			children = (
				AE21AD6B1F32111A003C8ACE /* BLLSudokuImageLayoutTests.m */,
				AE21AD6D1F32111A003C8ACE /* Info.plist */,
			);
			path = BLLSudokuImageLayoutTests;
			sourceTree = "<group>";
		};
		AE21AD751F32111A003C8ACE /* BLLSudokuImageLayoutUITests */ = {
			isa = PBXGroup;
			children = (
				AE21AD761F32111A003C8ACE /* BLLSudokuImageLayoutUITests.m */,
				AE21AD781F32111A003C8ACE /* Info.plist */,
			);
			path = BLLSudokuImageLayoutUITests;
			sourceTree = "<group>";
		};
		AE21AD841F32113E003C8ACE /* Layout */ = {
			isa = PBXGroup;
			children = (
				AE21AD851F321202003C8ACE /* BLLCollectionViewImageSudokuLayout.h */,
				AE21AD861F321202003C8ACE /* BLLCollectionViewImageSudokuLayout.m */,
				AE21AD871F321202003C8ACE /* BLLSudokuItemLayoutConfigurator.h */,
				AE21AD881F321202003C8ACE /* BLLSudokuItemLayoutConfigurator.m */,
				AE21AD8B1F32135A003C8ACE /* UIView+BLLSudokuImageLayout.h */,
				AE21AD8C1F32135A003C8ACE /* UIView+BLLSudokuImageLayout.m */,
			);
			name = Layout;
			path = ..;
			sourceTree = "<group>";
		};
/* End PBXGroup section */

/* Begin PBXNativeTarget section */
		AE21AD4D1F32111A003C8ACE /* BLLSudokuImageLayout */ = {
			isa = PBXNativeTarget;
			buildConfigurationList = AE21AD7B1F32111A003C8ACE /* Build configuration list for PBXNativeTarget "BLLSudokuImageLayout" */;
			buildPhases = (
				AE21AD4A1F32111A003C8ACE /* Sources */,
				AE21AD4B1F32111A003C8ACE /* Frameworks */,
				AE21AD4C1F32111A003C8ACE /* Resources */,
			);
			buildRules = (
			);
			dependencies = (
			);
			name = BLLSudokuImageLayout;
			productName = BLLSudokuImageLayout;
			productReference = AE21AD4E1F32111A003C8ACE /* BLLSudokuImageLayout.app */;
			productType = "com.apple.product-type.application";
		};
		AE21AD661F32111A003C8ACE /* BLLSudokuImageLayoutTests */ = {
			isa = PBXNativeTarget;
			buildConfigurationList = AE21AD7E1F32111A003C8ACE /* Build configuration list for PBXNativeTarget "BLLSudokuImageLayoutTests" */;
			buildPhases = (
				AE21AD631F32111A003C8ACE /* Sources */,
				AE21AD641F32111A003C8ACE /* Frameworks */,
				AE21AD651F32111A003C8ACE /* Resources */,
			);
			buildRules = (
			);
			dependencies = (
				AE21AD691F32111A003C8ACE /* PBXTargetDependency */,
			);
			name = BLLSudokuImageLayoutTests;
			productName = BLLSudokuImageLayoutTests;
			productReference = AE21AD671F32111A003C8ACE /* BLLSudokuImageLayoutTests.xctest */;
			productType = "com.apple.product-type.bundle.unit-test";
		};
		AE21AD711F32111A003C8ACE /* BLLSudokuImageLayoutUITests */ = {
			isa = PBXNativeTarget;
			buildConfigurationList = AE21AD811F32111A003C8ACE /* Build configuration list for PBXNativeTarget "BLLSudokuImageLayoutUITests" */;
			buildPhases = (
				AE21AD6E1F32111A003C8ACE /* Sources */,
				AE21AD6F1F32111A003C8ACE /* Frameworks */,
				AE21AD701F32111A003C8ACE /* Resources */,
			);
			buildRules = (
			);
			dependencies = (
				AE21AD741F32111A003C8ACE /* PBXTargetDependency */,
			);
			name = BLLSudokuImageLayoutUITests;
			productName = BLLSudokuImageLayoutUITests;
			productReference = AE21AD721F32111A003C8ACE /* BLLSudokuImageLayoutUITests.xctest */;
			productType = "com.apple.product-type.bundle.ui-testing";
		};
/* End PBXNativeTarget section */

/* Begin PBXProject section */
		AE21AD461F32111A003C8ACE /* Project object */ = {
			isa = PBXProject;
			attributes = {
				LastUpgradeCheck = 0830;
				ORGANIZATIONNAME = light_bo;
				TargetAttributes = {
					AE21AD4D1F32111A003C8ACE = {
						CreatedOnToolsVersion = 8.3.3;
						ProvisioningStyle = Manual;
					};
					AE21AD661F32111A003C8ACE = {
						CreatedOnToolsVersion = 8.3.3;
						ProvisioningStyle = Automatic;
						TestTargetID = AE21AD4D1F32111A003C8ACE;
					};
					AE21AD711F32111A003C8ACE = {
						CreatedOnToolsVersion = 8.3.3;
						ProvisioningStyle = Automatic;
						TestTargetID = AE21AD4D1F32111A003C8ACE;
					};
				};
			};
			buildConfigurationList = AE21AD491F32111A003C8ACE /* Build configuration list for PBXProject "BLLSudokuImageLayout" */;
			compatibilityVersion = "Xcode 3.2";
			developmentRegion = English;
			hasScannedForEncodings = 0;
			knownRegions = (
				en,
				Base,
			);
			mainGroup = AE21AD451F32111A003C8ACE;
			productRefGroup = AE21AD4F1F32111A003C8ACE /* Products */;
			projectDirPath = "";
			projectRoot = "";
			targets = (
				AE21AD4D1F32111A003C8ACE /* BLLSudokuImageLayout */,
				AE21AD661F32111A003C8ACE /* BLLSudokuImageLayoutTests */,
				AE21AD711F32111A003C8ACE /* BLLSudokuImageLayoutUITests */,
			);
		};
/* End PBXProject section */

/* Begin PBXResourcesBuildPhase section */
		AE21AD4C1F32111A003C8ACE /* Resources */ = {
			isa = PBXResourcesBuildPhase;
			buildActionMask = 2147483647;
			files = (
				AE21AD611F32111A003C8ACE /* LaunchScreen.storyboard in Resources */,
				AE21AD5E1F32111A003C8ACE /* Assets.xcassets in Resources */,
				AE21AD5C1F32111A003C8ACE /* Main.storyboard in Resources */,
			);
			runOnlyForDeploymentPostprocessing = 0;
		};
		AE21AD651F32111A003C8ACE /* Resources */ = {
			isa = PBXResourcesBuildPhase;
			buildActionMask = 2147483647;
			files = (
			);
			runOnlyForDeploymentPostprocessing = 0;
		};
		AE21AD701F32111A003C8ACE /* Resources */ = {
			isa = PBXResourcesBuildPhase;
			buildActionMask = 2147483647;
			files = (
			);
			runOnlyForDeploymentPostprocessing = 0;
		};
/* End PBXResourcesBuildPhase section */

/* Begin PBXSourcesBuildPhase section */
		AE21AD4A1F32111A003C8ACE /* Sources */ = {
			isa = PBXSourcesBuildPhase;
			buildActionMask = 2147483647;
			files = (
				AE21AD8D1F32135A003C8ACE /* UIView+BLLSudokuImageLayout.m in Sources */,
				AE21AD591F32111A003C8ACE /* ViewController.m in Sources */,
				AE21AD891F321202003C8ACE /* BLLCollectionViewImageSudokuLayout.m in Sources */,
				AE21AD931F321C19003C8ACE /* BLLImageCollectionViewCell.m in Sources */,
				AE21AD561F32111A003C8ACE /* AppDelegate.m in Sources */,
				AE21AD531F32111A003C8ACE /* main.m in Sources */,
				AE21AD8A1F321202003C8ACE /* BLLSudokuItemLayoutConfigurator.m in Sources */,
				AE21AD901F3219C7003C8ACE /* BLLDemoTableViewCell.m in Sources */,
			);
			runOnlyForDeploymentPostprocessing = 0;
		};
		AE21AD631F32111A003C8ACE /* Sources */ = {
			isa = PBXSourcesBuildPhase;
			buildActionMask = 2147483647;
			files = (
				AE21AD6C1F32111A003C8ACE /* BLLSudokuImageLayoutTests.m in Sources */,
			);
			runOnlyForDeploymentPostprocessing = 0;
		};
		AE21AD6E1F32111A003C8ACE /* Sources */ = {
			isa = PBXSourcesBuildPhase;
			buildActionMask = 2147483647;
			files = (
				AE21AD771F32111A003C8ACE /* BLLSudokuImageLayoutUITests.m in Sources */,
			);
			runOnlyForDeploymentPostprocessing = 0;
		};
/* End PBXSourcesBuildPhase section */

/* Begin PBXTargetDependency section */
		AE21AD691F32111A003C8ACE /* PBXTargetDependency */ = {
			isa = PBXTargetDependency;
			target = AE21AD4D1F32111A003C8ACE /* BLLSudokuImageLayout */;
			targetProxy = AE21AD681F32111A003C8ACE /* PBXContainerItemProxy */;
		};
		AE21AD741F32111A003C8ACE /* PBXTargetDependency */ = {
			isa = PBXTargetDependency;
			target = AE21AD4D1F32111A003C8ACE /* BLLSudokuImageLayout */;
			targetProxy = AE21AD731F32111A003C8ACE /* PBXContainerItemProxy */;
		};
/* End PBXTargetDependency section */

/* Begin PBXVariantGroup section */
		AE21AD5A1F32111A003C8ACE /* Main.storyboard */ = {
			isa = PBXVariantGroup;
			children = (
				AE21AD5B1F32111A003C8ACE /* Base */,
			);
			name = Main.storyboard;
			sourceTree = "<group>";
		};
		AE21AD5F1F32111A003C8ACE /* LaunchScreen.storyboard */ = {
			isa = PBXVariantGroup;
			children = (
				AE21AD601F32111A003C8ACE /* Base */,
			);
			name = LaunchScreen.storyboard;
			sourceTree = "<group>";
		};
/* End PBXVariantGroup section */

/* Begin XCBuildConfiguration section */
		AE21AD791F32111A003C8ACE /* Debug */ = {
			isa = XCBuildConfiguration;
			buildSettings = {
				ALWAYS_SEARCH_USER_PATHS = NO;
				CLANG_ANALYZER_NONNULL = YES;
				CLANG_ANALYZER_NUMBER_OBJECT_CONVERSION = YES_AGGRESSIVE;
				CLANG_CXX_LANGUAGE_STANDARD = "gnu++0x";
				CLANG_CXX_LIBRARY = "libc++";
				CLANG_ENABLE_MODULES = YES;
				CLANG_ENABLE_OBJC_ARC = YES;
				CLANG_WARN_BOOL_CONVERSION = YES;
				CLANG_WARN_CONSTANT_CONVERSION = YES;
				CLANG_WARN_DIRECT_OBJC_ISA_USAGE = YES_ERROR;
				CLANG_WARN_DOCUMENTATION_COMMENTS = YES;
				CLANG_WARN_EMPTY_BODY = YES;
				CLANG_WARN_ENUM_CONVERSION = YES;
				CLANG_WARN_INFINITE_RECURSION = YES;
				CLANG_WARN_INT_CONVERSION = YES;
				CLANG_WARN_OBJC_ROOT_CLASS = YES_ERROR;
				CLANG_WARN_SUSPICIOUS_MOVE = YES;
				CLANG_WARN_UNREACHABLE_CODE = YES;
				CLANG_WARN__DUPLICATE_METHOD_MATCH = YES;
				"CODE_SIGN_IDENTITY[sdk=iphoneos*]" = "iPhone Developer";
				COPY_PHASE_STRIP = NO;
				DEBUG_INFORMATION_FORMAT = dwarf;
				ENABLE_STRICT_OBJC_MSGSEND = YES;
				ENABLE_TESTABILITY = YES;
				GCC_C_LANGUAGE_STANDARD = gnu99;
				GCC_DYNAMIC_NO_PIC = NO;
				GCC_NO_COMMON_BLOCKS = YES;
				GCC_OPTIMIZATION_LEVEL = 0;
				GCC_PREPROCESSOR_DEFINITIONS = (
					"DEBUG=1",
					"$(inherited)",
				);
				GCC_WARN_64_TO_32_BIT_CONVERSION = YES;
				GCC_WARN_ABOUT_RETURN_TYPE = YES_ERROR;
				GCC_WARN_UNDECLARED_SELECTOR = YES;
				GCC_WARN_UNINITIALIZED_AUTOS = YES_AGGRESSIVE;
				GCC_WARN_UNUSED_FUNCTION = YES;
				GCC_WARN_UNUSED_VARIABLE = YES;
				IPHONEOS_DEPLOYMENT_TARGET = 10.3;
				MTL_ENABLE_DEBUG_INFO = YES;
				ONLY_ACTIVE_ARCH = YES;
				SDKROOT = iphoneos;
			};
			name = Debug;
		};
		AE21AD7A1F32111A003C8ACE /* Release */ = {
			isa = XCBuildConfiguration;
			buildSettings = {
				ALWAYS_SEARCH_USER_PATHS = NO;
				CLANG_ANALYZER_NONNULL = YES;
				CLANG_ANALYZER_NUMBER_OBJECT_CONVERSION = YES_AGGRESSIVE;
				CLANG_CXX_LANGUAGE_STANDARD = "gnu++0x";
				CLANG_CXX_LIBRARY = "libc++";
				CLANG_ENABLE_MODULES = YES;
				CLANG_ENABLE_OBJC_ARC = YES;
				CLANG_WARN_BOOL_CONVERSION = YES;
				CLANG_WARN_CONSTANT_CONVERSION = YES;
				CLANG_WARN_DIRECT_OBJC_ISA_USAGE = YES_ERROR;
				CLANG_WARN_DOCUMENTATION_COMMENTS = YES;
				CLANG_WARN_EMPTY_BODY = YES;
				CLANG_WARN_ENUM_CONVERSION = YES;
				CLANG_WARN_INFINITE_RECURSION = YES;
				CLANG_WARN_INT_CONVERSION = YES;
				CLANG_WARN_OBJC_ROOT_CLASS = YES_ERROR;
				CLANG_WARN_SUSPICIOUS_MOVE = YES;
				CLANG_WARN_UNREACHABLE_CODE = YES;
				CLANG_WARN__DUPLICATE_METHOD_MATCH = YES;
				"CODE_SIGN_IDENTITY[sdk=iphoneos*]" = "iPhone Developer";
				COPY_PHASE_STRIP = NO;
				DEBUG_INFORMATION_FORMAT = "dwarf-with-dsym";
				ENABLE_NS_ASSERTIONS = NO;
				ENABLE_STRICT_OBJC_MSGSEND = YES;
				GCC_C_LANGUAGE_STANDARD = gnu99;
				GCC_NO_COMMON_BLOCKS = YES;
				GCC_WARN_64_TO_32_BIT_CONVERSION = YES;
				GCC_WARN_ABOUT_RETURN_TYPE = YES_ERROR;
				GCC_WARN_UNDECLARED_SELECTOR = YES;
				GCC_WARN_UNINITIALIZED_AUTOS = YES_AGGRESSIVE;
				GCC_WARN_UNUSED_FUNCTION = YES;
				GCC_WARN_UNUSED_VARIABLE = YES;
				IPHONEOS_DEPLOYMENT_TARGET = 10.3;
				MTL_ENABLE_DEBUG_INFO = NO;
				SDKROOT = iphoneos;
				VALIDATE_PRODUCT = YES;
			};
			name = Release;
		};
		AE21AD7C1F32111A003C8ACE /* Debug */ = {
			isa = XCBuildConfiguration;
			buildSettings = {
				ASSETCATALOG_COMPILER_APPICON_NAME = AppIcon;
				DEVELOPMENT_TEAM = "";
				INFOPLIST_FILE = BLLSudokuImageLayout/Info.plist;
				LD_RUNPATH_SEARCH_PATHS = "$(inherited) @executable_path/Frameworks";
				PRODUCT_BUNDLE_IDENTIFIER = com.developer.lightning.BLLSudokuImageLayout;
				PRODUCT_NAME = "$(TARGET_NAME)";
				PROVISIONING_PROFILE_SPECIFIER = "";
			};
			name = Debug;
		};
		AE21AD7D1F32111A003C8ACE /* Release */ = {
			isa = XCBuildConfiguration;
			buildSettings = {
				ASSETCATALOG_COMPILER_APPICON_NAME = AppIcon;
				DEVELOPMENT_TEAM = "";
				INFOPLIST_FILE = BLLSudokuImageLayout/Info.plist;
				LD_RUNPATH_SEARCH_PATHS = "$(inherited) @executable_path/Frameworks";
				PRODUCT_BUNDLE_IDENTIFIER = com.developer.lightning.BLLSudokuImageLayout;
				PRODUCT_NAME = "$(TARGET_NAME)";
				PROVISIONING_PROFILE_SPECIFIER = "";
			};
			name = Release;
		};
		AE21AD7F1F32111A003C8ACE /* Debug */ = {
			isa = XCBuildConfiguration;
			buildSettings = {
				BUNDLE_LOADER = "$(TEST_HOST)";
				INFOPLIST_FILE = BLLSudokuImageLayoutTests/Info.plist;
				LD_RUNPATH_SEARCH_PATHS = "$(inherited) @executable_path/Frameworks @loader_path/Frameworks";
				PRODUCT_BUNDLE_IDENTIFIER = com.developer.lightning.BLLSudokuImageLayoutTests;
				PRODUCT_NAME = "$(TARGET_NAME)";
				TEST_HOST = "$(BUILT_PRODUCTS_DIR)/BLLSudokuImageLayout.app/BLLSudokuImageLayout";
			};
			name = Debug;
		};
		AE21AD801F32111A003C8ACE /* Release */ = {
			isa = XCBuildConfiguration;
			buildSettings = {
				BUNDLE_LOADER = "$(TEST_HOST)";
				INFOPLIST_FILE = BLLSudokuImageLayoutTests/Info.plist;
				LD_RUNPATH_SEARCH_PATHS = "$(inherited) @executable_path/Frameworks @loader_path/Frameworks";
				PRODUCT_BUNDLE_IDENTIFIER = com.developer.lightning.BLLSudokuImageLayoutTests;
				PRODUCT_NAME = "$(TARGET_NAME)";
				TEST_HOST = "$(BUILT_PRODUCTS_DIR)/BLLSudokuImageLayout.app/BLLSudokuImageLayout";
			};
			name = Release;
		};
		AE21AD821F32111A003C8ACE /* Debug */ = {
			isa = XCBuildConfiguration;
			buildSettings = {
				INFOPLIST_FILE = BLLSudokuImageLayoutUITests/Info.plist;
				LD_RUNPATH_SEARCH_PATHS = "$(inherited) @executable_path/Frameworks @loader_path/Frameworks";
				PRODUCT_BUNDLE_IDENTIFIER = com.developer.lightning.BLLSudokuImageLayoutUITests;
				PRODUCT_NAME = "$(TARGET_NAME)";
				TEST_TARGET_NAME = BLLSudokuImageLayout;
			};
			name = Debug;
		};
		AE21AD831F32111A003C8ACE /* Release */ = {
			isa = XCBuildConfiguration;
			buildSettings = {
				INFOPLIST_FILE = BLLSudokuImageLayoutUITests/Info.plist;
				LD_RUNPATH_SEARCH_PATHS = "$(inherited) @executable_path/Frameworks @loader_path/Frameworks";
				PRODUCT_BUNDLE_IDENTIFIER = com.developer.lightning.BLLSudokuImageLayoutUITests;
				PRODUCT_NAME = "$(TARGET_NAME)";
				TEST_TARGET_NAME = BLLSudokuImageLayout;
			};
			name = Release;
		};
/* End XCBuildConfiguration section */

/* Begin XCConfigurationList section */
		AE21AD491F32111A003C8ACE /* Build configuration list for PBXProject "BLLSudokuImageLayout" */ = {
			isa = XCConfigurationList;
			buildConfigurations = (
				AE21AD791F32111A003C8ACE /* Debug */,
				AE21AD7A1F32111A003C8ACE /* Release */,
			);
			defaultConfigurationIsVisible = 0;
			defaultConfigurationName = Release;
		};
		AE21AD7B1F32111A003C8ACE /* Build configuration list for PBXNativeTarget "BLLSudokuImageLayout" */ = {
			isa = XCConfigurationList;
			buildConfigurations = (
				AE21AD7C1F32111A003C8ACE /* Debug */,
				AE21AD7D1F32111A003C8ACE /* Release */,
			);
			defaultConfigurationIsVisible = 0;
			defaultConfigurationName = Release;
		};
		AE21AD7E1F32111A003C8ACE /* Build configuration list for PBXNativeTarget "BLLSudokuImageLayoutTests" */ = {
			isa = XCConfigurationList;
			buildConfigurations = (
				AE21AD7F1F32111A003C8ACE /* Debug */,
				AE21AD801F32111A003C8ACE /* Release */,
			);
			defaultConfigurationIsVisible = 0;
			defaultConfigurationName = Release;
		};
		AE21AD811F32111A003C8ACE /* Build configuration list for PBXNativeTarget "BLLSudokuImageLayoutUITests" */ = {
			isa = XCConfigurationList;
			buildConfigurations = (
				AE21AD821F32111A003C8ACE /* Debug */,
				AE21AD831F32111A003C8ACE /* Release */,
			);
			defaultConfigurationIsVisible = 0;
			defaultConfigurationName = Release;
		};
/* End XCConfigurationList section */
	};
	rootObject = AE21AD461F32111A003C8ACE /* Project object */;
}
